// !$*UTF8*$!
{
	archiveVersion = 1;
	classes = {
	};
	objectVersion = 46;
	objects = {

/* Begin PBXBuildFile section */
		9A930A591C101DD0000035E2 /* main.m in Sources */ = {isa = PBXBuildFile; fileRef = 9A930A581C101DD0000035E2 /* main.m */; };
		9A930A5C1C101DD0000035E2 /* AppDelegate.m in Sources */ = {isa = PBXBuildFile; fileRef = 9A930A5B1C101DD0000035E2 /* AppDelegate.m */; };
		9A930A5F1C101DD0000035E2 /* ViewController.m in Sources */ = {isa = PBXBuildFile; fileRef = 9A930A5E1C101DD0000035E2 /* ViewController.m */; };
		9A930A621C101DD0000035E2 /* Main.storyboard in Resources */ = {isa = PBXBuildFile; fileRef = 9A930A601C101DD0000035E2 /* Main.storyboard */; };
		9A930A641C101DD0000035E2 /* Assets.xcassets in Resources */ = {isa = PBXBuildFile; fileRef = 9A930A631C101DD0000035E2 /* Assets.xcassets */; };
		9A930A671C101DD0000035E2 /* LaunchScreen.storyboard in Resources */ = {isa = PBXBuildFile; fileRef = 9A930A651C101DD0000035E2 /* LaunchScreen.storyboard */; };
		9A930A721C101DD0000035E2 /* UIControlsWH26Tests.m in Sources */ = {isa = PBXBuildFile; fileRef = 9A930A711C101DD0000035E2 /* UIControlsWH26Tests.m */; };
		9A930A7D1C101DD0000035E2 /* UIControlsWH26UITests.m in Sources */ = {isa = PBXBuildFile; fileRef = 9A930A7C1C101DD0000035E2 /* UIControlsWH26UITests.m */; };
		9A930A8E1C102878000035E2 /* 1.png in Resources */ = {isa = PBXBuildFile; fileRef = 9A930A8B1C102878000035E2 /* 1.png */; };
		9A930A8F1C102878000035E2 /* 2.png in Resources */ = {isa = PBXBuildFile; fileRef = 9A930A8C1C102878000035E2 /* 2.png */; };
		9A930A901C102878000035E2 /* 3.png in Resources */ = {isa = PBXBuildFile; fileRef = 9A930A8D1C102878000035E2 /* 3.png */; };
/* End PBXBuildFile section */

/* Begin PBXContainerItemProxy section */
		9A930A6E1C101DD0000035E2 /* PBXContainerItemProxy */ = {
			isa = PBXContainerItemProxy;
			containerPortal = 9A930A4C1C101DD0000035E2 /* Project object */;
			proxyType = 1;
			remoteGlobalIDString = 9A930A531C101DD0000035E2;
			remoteInfo = UIControlsWH26;
		};
		9A930A791C101DD0000035E2 /* PBXContainerItemProxy */ = {
			isa = PBXContainerItemProxy;
			containerPortal = 9A930A4C1C101DD0000035E2 /* Project object */;
			proxyType = 1;
			remoteGlobalIDString = 9A930A531C101DD0000035E2;
			remoteInfo = UIControlsWH26;
		};
/* End PBXContainerItemProxy section */

/* Begin PBXFileReference section */
		9A930A541C101DD0000035E2 /* UIControlsWH26.app */ = {isa = PBXFileReference; explicitFileType = wrapper.application; includeInIndex = 0; path = UIControlsWH26.app; sourceTree = BUILT_PRODUCTS_DIR; };
		9A930A581C101DD0000035E2 /* main.m */ = {isa = PBXFileReference; lastKnownFileType = sourcecode.c.objc; path = main.m; sourceTree = "<group>"; };
		9A930A5A1C101DD0000035E2 /* AppDelegate.h */ = {isa = PBXFileReference; lastKnownFileType = sourcecode.c.h; path = AppDelegate.h; sourceTree = "<group>"; };
		9A930A5B1C101DD0000035E2 /* AppDelegate.m */ = {isa = PBXFileReference; lastKnownFileType = sourcecode.c.objc; path = AppDelegate.m; sourceTree = "<group>"; };
		9A930A5D1C101DD0000035E2 /* ViewController.h */ = {isa = PBXFileReference; lastKnownFileType = sourcecode.c.h; path = ViewController.h; sourceTree = "<group>"; };
		9A930A5E1C101DD0000035E2 /* ViewController.m */ = {isa = PBXFileReference; lastKnownFileType = sourcecode.c.objc; path = ViewController.m; sourceTree = "<group>"; };
		9A930A611C101DD0000035E2 /* Base */ = {isa = PBXFileReference; lastKnownFileType = file.storyboard; name = Base; path = Base.lproj/Main.storyboard; sourceTree = "<group>"; };
		9A930A631C101DD0000035E2 /* Assets.xcassets */ = {isa = PBXFileReference; lastKnownFileType = folder.assetcatalog; path = Assets.xcassets; sourceTree = "<group>"; };
		9A930A661C101DD0000035E2 /* Base */ = {isa = PBXFileReference; lastKnownFileType = file.storyboard; name = Base; path = Base.lproj/LaunchScreen.storyboard; sourceTree = "<group>"; };
		9A930A681C101DD0000035E2 /* Info.plist */ = {isa = PBXFileReference; lastKnownFileType = text.plist.xml; path = Info.plist; sourceTree = "<group>"; };
		9A930A6D1C101DD0000035E2 /* UIControlsWH26Tests.xctest */ = {isa = PBXFileReference; explicitFileType = wrapper.cfbundle; includeInIndex = 0; path = UIControlsWH26Tests.xctest; sourceTree = BUILT_PRODUCTS_DIR; };
		9A930A711C101DD0000035E2 /* UIControlsWH26Tests.m */ = {isa = PBXFileReference; lastKnownFileType = sourcecode.c.objc; path = UIControlsWH26Tests.m; sourceTree = "<group>"; };
		9A930A731C101DD0000035E2 /* Info.plist */ = {isa = PBXFileReference; lastKnownFileType = text.plist.xml; path = Info.plist; sourceTree = "<group>"; };
		9A930A781C101DD0000035E2 /* UIControlsWH26UITests.xctest */ = {isa = PBXFileReference; explicitFileType = wrapper.cfbundle; includeInIndex = 0; path = UIControlsWH26UITests.xctest; sourceTree = BUILT_PRODUCTS_DIR; };
		9A930A7C1C101DD0000035E2 /* UIControlsWH26UITests.m */ = {isa = PBXFileReference; lastKnownFileType = sourcecode.c.objc; path = UIControlsWH26UITests.m; sourceTree = "<group>"; };
		9A930A7E1C101DD0000035E2 /* Info.plist */ = {isa = PBXFileReference; lastKnownFileType = text.plist.xml; path = Info.plist; sourceTree = "<group>"; };
		9A930A8B1C102878000035E2 /* 1.png */ = {isa = PBXFileReference; lastKnownFileType = image.png; path = 1.png; sourceTree = "<group>"; };
		9A930A8C1C102878000035E2 /* 2.png */ = {isa = PBXFileReference; lastKnownFileType = image.png; path = 2.png; sourceTree = "<group>"; };
		9A930A8D1C102878000035E2 /* 3.png */ = {isa = PBXFileReference; lastKnownFileType = image.png; path = 3.png; sourceTree = "<group>"; };
/* End PBXFileReference section */

/* Begin PBXFrameworksBuildPhase section */
		9A930A511C101DD0000035E2 /* Frameworks */ = {
			isa = PBXFrameworksBuildPhase;
			buildActionMask = 2147483647;
			files = (
			);
			runOnlyForDeploymentPostprocessing = 0;
		};
		9A930A6A1C101DD0000035E2 /* Frameworks */ = {
			isa = PBXFrameworksBuildPhase;
			buildActionMask = 2147483647;
			files = (
			);
			runOnlyForDeploymentPostprocessing = 0;
		};
		9A930A751C101DD0000035E2 /* Frameworks */ = {
			isa = PBXFrameworksBuildPhase;
			buildActionMask = 2147483647;
			files = (
			);
			runOnlyForDeploymentPostprocessing = 0;
		};
/* End PBXFrameworksBuildPhase section */

/* Begin PBXGroup section */
		9A930A4B1C101DD0000035E2 = {
			isa = PBXGroup;
			children = (
				9A930A561C101DD0000035E2 /* UIControlsWH26 */,
				9A930A701C101DD0000035E2 /* UIControlsWH26Tests */,
				9A930A7B1C101DD0000035E2 /* UIControlsWH26UITests */,
				9A930A551C101DD0000035E2 /* Products */,
			);
			sourceTree = "<group>";
		};
		9A930A551C101DD0000035E2 /* Products */ = {
			isa = PBXGroup;
			children = (
				9A930A541C101DD0000035E2 /* UIControlsWH26.app */,
				9A930A6D1C101DD0000035E2 /* UIControlsWH26Tests.xctest */,
				9A930A781C101DD0000035E2 /* UIControlsWH26UITests.xctest */,
			);
			name = Products;
			sourceTree = "<group>";
		};
		9A930A561C101DD0000035E2 /* UIControlsWH26 */ = {
			isa = PBXGroup;
			children = (
				9A930A5A1C101DD0000035E2 /* AppDelegate.h */,
				9A930A5B1C101DD0000035E2 /* AppDelegate.m */,
				9A930A5D1C101DD0000035E2 /* ViewController.h */,
				9A930A5E1C101DD0000035E2 /* ViewController.m */,
				9A930A601C101DD0000035E2 /* Main.storyboard */,
				9A930A631C101DD0000035E2 /* Assets.xcassets */,
				9A930A651C101DD0000035E2 /* LaunchScreen.storyboard */,
				9A930A681C101DD0000035E2 /* Info.plist */,
				9A930A8A1C102878000035E2 /* Images */,
				9A930A571C101DD0000035E2 /* Supporting Files */,
			);
			path = UIControlsWH26;
			sourceTree = "<group>";
		};
		9A930A571C101DD0000035E2 /* Supporting Files */ = {
			isa = PBXGroup;
			children = (
				9A930A581C101DD0000035E2 /* main.m */,
			);
			name = "Supporting Files";
			sourceTree = "<group>";
		};
		9A930A701C101DD0000035E2 /* UIControlsWH26Tests */ = {
			isa = PBXGroup;
			children = (
				9A930A711C101DD0000035E2 /* UIControlsWH26Tests.m */,
				9A930A731C101DD0000035E2 /* Info.plist */,
			);
			path = UIControlsWH26Tests;
			sourceTree = "<group>";
		};
		9A930A7B1C101DD0000035E2 /* UIControlsWH26UITests */ = {
			isa = PBXGroup;
			children = (
				9A930A7C1C101DD0000035E2 /* UIControlsWH26UITests.m */,
				9A930A7E1C101DD0000035E2 /* Info.plist */,
			);
			path = UIControlsWH26UITests;
			sourceTree = "<group>";
		};
		9A930A8A1C102878000035E2 /* Images */ = {
			isa = PBXGroup;
			children = (
				9A930A8B1C102878000035E2 /* 1.png */,
				9A930A8C1C102878000035E2 /* 2.png */,
				9A930A8D1C102878000035E2 /* 3.png */,
			);
			path = Images;
			sourceTree = "<group>";
		};
/* End PBXGroup section */

/* Begin PBXNativeTarget section */
		9A930A531C101DD0000035E2 /* UIControlsWH26 */ = {
			isa = PBXNativeTarget;
			buildConfigurationList = 9A930A811C101DD0000035E2 /* Build configuration list for PBXNativeTarget "UIControlsWH26" */;
			buildPhases = (
				9A930A501C101DD0000035E2 /* Sources */,
				9A930A511C101DD0000035E2 /* Frameworks */,
				9A930A521C101DD0000035E2 /* Resources */,
			);
			buildRules = (
			);
			dependencies = (
			);
			name = UIControlsWH26;
			productName = UIControlsWH26;
			productReference = 9A930A541C101DD0000035E2 /* UIControlsWH26.app */;
			productType = "com.apple.product-type.application";
		};
		9A930A6C1C101DD0000035E2 /* UIControlsWH26Tests */ = {
			isa = PBXNativeTarget;
			buildConfigurationList = 9A930A841C101DD0000035E2 /* Build configuration list for PBXNativeTarget "UIControlsWH26Tests" */;
			buildPhases = (
				9A930A691C101DD0000035E2 /* Sources */,
				9A930A6A1C101DD0000035E2 /* Frameworks */,
				9A930A6B1C101DD0000035E2 /* Resources */,
			);
			buildRules = (
			);
			dependencies = (
				9A930A6F1C101DD0000035E2 /* PBXTargetDependency */,
			);
			name = UIControlsWH26Tests;
			productName = UIControlsWH26Tests;
			productReference = 9A930A6D1C101DD0000035E2 /* UIControlsWH26Tests.xctest */;
			productType = "com.apple.product-type.bundle.unit-test";
		};
		9A930A771C101DD0000035E2 /* UIControlsWH26UITests */ = {
			isa = PBXNativeTarget;
			buildConfigurationList = 9A930A871C101DD0000035E2 /* Build configuration list for PBXNativeTarget "UIControlsWH26UITests" */;
			buildPhases = (
				9A930A741C101DD0000035E2 /* Sources */,
				9A930A751C101DD0000035E2 /* Frameworks */,
				9A930A761C101DD0000035E2 /* Resources */,
			);
			buildRules = (
			);
			dependencies = (
				9A930A7A1C101DD0000035E2 /* PBXTargetDependency */,
			);
			name = UIControlsWH26UITests;
			productName = UIControlsWH26UITests;
			productReference = 9A930A781C101DD0000035E2 /* UIControlsWH26UITests.xctest */;
			productType = "com.apple.product-type.bundle.ui-testing";
		};
/* End PBXNativeTarget section */

/* Begin PBXProject section */
		9A930A4C1C101DD0000035E2 /* Project object */ = {
			isa = PBXProject;
			attributes = {
				LastUpgradeCheck = 0710;
				ORGANIZATIONNAME = "Nikolay Berlioz";
				TargetAttributes = {
					9A930A531C101DD0000035E2 = {
						CreatedOnToolsVersion = 7.1.1;
					};
					9A930A6C1C101DD0000035E2 = {
						CreatedOnToolsVersion = 7.1.1;
						TestTargetID = 9A930A531C101DD0000035E2;
					};
					9A930A771C101DD0000035E2 = {
						CreatedOnToolsVersion = 7.1.1;
						TestTargetID = 9A930A531C101DD0000035E2;
					};
				};
			};
			buildConfigurationList = 9A930A4F1C101DD0000035E2 /* Build configuration list for PBXProject "UIControlsWH26" */;
			compatibilityVersion = "Xcode 3.2";
			developmentRegion = English;
			hasScannedForEncodings = 0;
			knownRegions = (
				en,
				Base,
			);
			mainGroup = 9A930A4B1C101DD0000035E2;
			productRefGroup = 9A930A551C101DD0000035E2 /* Products */;
			projectDirPath = "";
			projectRoot = "";
			targets = (
				9A930A531C101DD0000035E2 /* UIControlsWH26 */,
				9A930A6C1C101DD0000035E2 /* UIControlsWH26Tests */,
				9A930A771C101DD0000035E2 /* UIControlsWH26UITests */,
			);
		};
/* End PBXProject section */

/* Begin PBXResourcesBuildPhase section */
		9A930A521C101DD0000035E2 /* Resources */ = {
			isa = PBXResourcesBuildPhase;
			buildActionMask = 2147483647;
			files = (
				9A930A671C101DD0000035E2 /* LaunchScreen.storyboard in Resources */,
				9A930A8E1C102878000035E2 /* 1.png in Resources */,
				9A930A8F1C102878000035E2 /* 2.png in Resources */,
				9A930A901C102878000035E2 /* 3.png in Resources */,
				9A930A641C101DD0000035E2 /* Assets.xcassets in Resources */,
				9A930A621C101DD0000035E2 /* Main.storyboard in Resources */,
			);
			runOnlyForDeploymentPostprocessing = 0;
		};
		9A930A6B1C101DD0000035E2 /* Resources */ = {
			isa = PBXResourcesBuildPhase;
			buildActionMask = 2147483647;
			files = (
			);
			runOnlyForDeploymentPostprocessing = 0;
		};
		9A930A761C101DD0000035E2 /* Resources */ = {
			isa = PBXResourcesBuildPhase;
			buildActionMask = 2147483647;
			files = (
			);
			runOnlyForDeploymentPostprocessing = 0;
		};
/* End PBXResourcesBuildPhase section */

/* Begin PBXSourcesBuildPhase section */
		9A930A501C101DD0000035E2 /* Sources */ = {
			isa = PBXSourcesBuildPhase;
			buildActionMask = 2147483647;
			files = (
				9A930A5F1C101DD0000035E2 /* ViewController.m in Sources */,
				9A930A5C1C101DD0000035E2 /* AppDelegate.m in Sources */,
				9A930A591C101DD0000035E2 /* main.m in Sources */,
			);
			runOnlyForDeploymentPostprocessing = 0;
		};
		9A930A691C101DD0000035E2 /* Sources */ = {
			isa = PBXSourcesBuildPhase;
			buildActionMask = 2147483647;
			files = (
				9A930A721C101DD0000035E2 /* UIControlsWH26Tests.m in Sources */,
			);
			runOnlyForDeploymentPostprocessing = 0;
		};
		9A930A741C101DD0000035E2 /* Sources */ = {
			isa = PBXSourcesBuildPhase;
			buildActionMask = 2147483647;
			files = (
				9A930A7D1C101DD0000035E2 /* UIControlsWH26UITests.m in Sources */,
			);
			runOnlyForDeploymentPostprocessing = 0;
		};
/* End PBXSourcesBuildPhase section */

/* Begin PBXTargetDependency section */
		9A930A6F1C101DD0000035E2 /* PBXTargetDependency */ = {
			isa = PBXTargetDependency;
			target = 9A930A531C101DD0000035E2 /* UIControlsWH26 */;
			targetProxy = 9A930A6E1C101DD0000035E2 /* PBXContainerItemProxy */;
		};
		9A930A7A1C101DD0000035E2 /* PBXTargetDependency */ = {
			isa = PBXTargetDependency;
			target = 9A930A531C101DD0000035E2 /* UIControlsWH26 */;
			targetProxy = 9A930A791C101DD0000035E2 /* PBXContainerItemProxy */;
		};
/* End PBXTargetDependency section */

/* Begin PBXVariantGroup section */
		9A930A601C101DD0000035E2 /* Main.storyboard */ = {
			isa = PBXVariantGroup;
			children = (
				9A930A611C101DD0000035E2 /* Base */,
			);
			name = Main.storyboard;
			sourceTree = "<group>";
		};
		9A930A651C101DD0000035E2 /* LaunchScreen.storyboard */ = {
			isa = PBXVariantGroup;
			children = (
				9A930A661C101DD0000035E2 /* Base */,
			);
			name = LaunchScreen.storyboard;
			sourceTree = "<group>";
		};
/* End PBXVariantGroup section */

/* Begin XCBuildConfiguration section */
		9A930A7F1C101DD0000035E2 /* Debug */ = {
			isa = XCBuildConfiguration;
			buildSettings = {
				ALWAYS_SEARCH_USER_PATHS = NO;
				CLANG_CXX_LANGUAGE_STANDARD = "gnu++0x";
				CLANG_CXX_LIBRARY = "libc++";
				CLANG_ENABLE_MODULES = YES;
				CLANG_ENABLE_OBJC_ARC = YES;
				CLANG_WARN_BOOL_CONVERSION = YES;
				CLANG_WARN_CONSTANT_CONVERSION = YES;
				CLANG_WARN_DIRECT_OBJC_ISA_USAGE = YES_ERROR;
				CLANG_WARN_EMPTY_BODY = YES;
				CLANG_WARN_ENUM_CONVERSION = YES;
				CLANG_WARN_INT_CONVERSION = YES;
				CLANG_WARN_OBJC_ROOT_CLASS = YES_ERROR;
				CLANG_WARN_UNREACHABLE_CODE = YES;
				CLANG_WARN__DUPLICATE_METHOD_MATCH = YES;
				"CODE_SIGN_IDENTITY[sdk=iphoneos*]" = "iPhone Developer";
				COPY_PHASE_STRIP = NO;
				DEBUG_INFORMATION_FORMAT = dwarf;
				ENABLE_STRICT_OBJC_MSGSEND = YES;
				ENABLE_TESTABILITY = YES;
				GCC_C_LANGUAGE_STANDARD = gnu99;
				GCC_DYNAMIC_NO_PIC = NO;
				GCC_NO_COMMON_BLOCKS = YES;
				GCC_OPTIMIZATION_LEVEL = 0;
				GCC_PREPROCESSOR_DEFINITIONS = (
					"DEBUG=1",
					"$(inherited)",
				);
				GCC_WARN_64_TO_32_BIT_CONVERSION = YES;
				GCC_WARN_ABOUT_RETURN_TYPE = YES_ERROR;
				GCC_WARN_UNDECLARED_SELECTOR = YES;
				GCC_WARN_UNINITIALIZED_AUTOS = YES_AGGRESSIVE;
				GCC_WARN_UNUSED_FUNCTION = YES;
				GCC_WARN_UNUSED_VARIABLE = YES;
				IPHONEOS_DEPLOYMENT_TARGET = 9.1;
				MTL_ENABLE_DEBUG_INFO = YES;
				ONLY_ACTIVE_ARCH = YES;
				SDKROOT = iphoneos;
				TARGETED_DEVICE_FAMILY = 2;
			};
			name = Debug;
		};
		9A930A801C101DD0000035E2 /* Release */ = {
			isa = XCBuildConfiguration;
			buildSettings = {
				ALWAYS_SEARCH_USER_PATHS = NO;
				CLANG_CXX_LANGUAGE_STANDARD = "gnu++0x";
				CLANG_CXX_LIBRARY = "libc++";
				CLANG_ENABLE_MODULES = YES;
				CLANG_ENABLE_OBJC_ARC = YES;
				CLANG_WARN_BOOL_CONVERSION = YES;
				CLANG_WARN_CONSTANT_CONVERSION = YES;
				CLANG_WARN_DIRECT_OBJC_ISA_USAGE = YES_ERROR;
				CLANG_WARN_EMPTY_BODY = YES;
				CLANG_WARN_ENUM_CONVERSION = YES;
				CLANG_WARN_INT_CONVERSION = YES;
				CLANG_WARN_OBJC_ROOT_CLASS = YES_ERROR;
				CLANG_WARN_UNREACHABLE_CODE = YES;
				CLANG_WARN__DUPLICATE_METHOD_MATCH = YES;
				"CODE_SIGN_IDENTITY[sdk=iphoneos*]" = "iPhone Developer";
				COPY_PHASE_STRIP = NO;
				DEBUG_INFORMATION_FORMAT = "dwarf-with-dsym";
				ENABLE_NS_ASSERTIONS = NO;
				ENABLE_STRICT_OBJC_MSGSEND = YES;
				GCC_C_LANGUAGE_STANDARD = gnu99;
				GCC_NO_COMMON_BLOCKS = YES;
				GCC_WARN_64_TO_32_BIT_CONVERSION = YES;
				GCC_WARN_ABOUT_RETURN_TYPE = YES_ERROR;
				GCC_WARN_UNDECLARED_SELECTOR = YES;
				GCC_WARN_UNINITIALIZED_AUTOS = YES_AGGRESSIVE;
				GCC_WARN_UNUSED_FUNCTION = YES;
				GCC_WARN_UNUSED_VARIABLE = YES;
				IPHONEOS_DEPLOYMENT_TARGET = 9.1;
				MTL_ENABLE_DEBUG_INFO = NO;
				SDKROOT = iphoneos;
				TARGETED_DEVICE_FAMILY = 2;
				VALIDATE_PRODUCT = YES;
			};
			name = Release;
		};
		9A930A821C101DD0000035E2 /* Debug */ = {
			isa = XCBuildConfiguration;
			buildSettings = {
				ASSETCATALOG_COMPILER_APPICON_NAME = AppIcon;
				INFOPLIST_FILE = UIControlsWH26/Info.plist;
				LD_RUNPATH_SEARCH_PATHS = "$(inherited) @executable_path/Frameworks";
				PRODUCT_BUNDLE_IDENTIFIER = "Devil-Academy.UIControlsWH26";
				PRODUCT_NAME = "$(TARGET_NAME)";
			};
			name = Debug;
		};
		9A930A831C101DD0000035E2 /* Release */ = {
			isa = XCBuildConfiguration;
			buildSettings = {
				ASSETCATALOG_COMPILER_APPICON_NAME = AppIcon;
				INFOPLIST_FILE = UIControlsWH26/Info.plist;
				LD_RUNPATH_SEARCH_PATHS = "$(inherited) @executable_path/Frameworks";
				PRODUCT_BUNDLE_IDENTIFIER = "Devil-Academy.UIControlsWH26";
				PRODUCT_NAME = "$(TARGET_NAME)";
			};
			name = Release;
		};
		9A930A851C101DD0000035E2 /* Debug */ = {
			isa = XCBuildConfiguration;
			buildSettings = {
				BUNDLE_LOADER = "$(TEST_HOST)";
				INFOPLIST_FILE = UIControlsWH26Tests/Info.plist;
				LD_RUNPATH_SEARCH_PATHS = "$(inherited) @executable_path/Frameworks @loader_path/Frameworks";
				PRODUCT_BUNDLE_IDENTIFIER = "Devil-Academy.UIControlsWH26Tests";
				PRODUCT_NAME = "$(TARGET_NAME)";
				TEST_HOST = "$(BUILT_PRODUCTS_DIR)/UIControlsWH26.app/UIControlsWH26";
			};
			name = Debug;
		};
		9A930A861C101DD0000035E2 /* Release */ = {
			isa = XCBuildConfiguration;
			buildSettings = {
				BUNDLE_LOADER = "$(TEST_HOST)";
				INFOPLIST_FILE = UIControlsWH26Tests/Info.plist;
				LD_RUNPATH_SEARCH_PATHS = "$(inherited) @executable_path/Frameworks @loader_path/Frameworks";
				PRODUCT_BUNDLE_IDENTIFIER = "Devil-Academy.UIControlsWH26Tests";
				PRODUCT_NAME = "$(TARGET_NAME)";
				TEST_HOST = "$(BUILT_PRODUCTS_DIR)/UIControlsWH26.app/UIControlsWH26";
			};
			name = Release;
		};
		9A930A881C101DD0000035E2 /* Debug */ = {
			isa = XCBuildConfiguration;
			buildSettings = {
				INFOPLIST_FILE = UIControlsWH26UITests/Info.plist;
				LD_RUNPATH_SEARCH_PATHS = "$(inherited) @executable_path/Frameworks @loader_path/Frameworks";
				PRODUCT_BUNDLE_IDENTIFIER = "Devil-Academy.UIControlsWH26UITests";
				PRODUCT_NAME = "$(TARGET_NAME)";
				TEST_TARGET_NAME = UIControlsWH26;
				USES_XCTRUNNER = YES;
			};
			name = Debug;
		};
		9A930A891C101DD0000035E2 /* Release */ = {
			isa = XCBuildConfiguration;
			buildSettings = {
				INFOPLIST_FILE = UIControlsWH26UITests/Info.plist;
				LD_RUNPATH_SEARCH_PATHS = "$(inherited) @executable_path/Frameworks @loader_path/Frameworks";
				PRODUCT_BUNDLE_IDENTIFIER = "Devil-Academy.UIControlsWH26UITests";
				PRODUCT_NAME = "$(TARGET_NAME)";
				TEST_TARGET_NAME = UIControlsWH26;
				USES_XCTRUNNER = YES;
			};
			name = Release;
		};
/* End XCBuildConfiguration section */

/* Begin XCConfigurationList section */
		9A930A4F1C101DD0000035E2 /* Build configuration list for PBXProject "UIControlsWH26" */ = {
			isa = XCConfigurationList;
			buildConfigurations = (
				9A930A7F1C101DD0000035E2 /* Debug */,
				9A930A801C101DD0000035E2 /* Release */,
			);
			defaultConfigurationIsVisible = 0;
			defaultConfigurationName = Release;
		};
		9A930A811C101DD0000035E2 /* Build configuration list for PBXNativeTarget "UIControlsWH26" */ = {
			isa = XCConfigurationList;
			buildConfigurations = (
				9A930A821C101DD0000035E2 /* Debug */,
				9A930A831C101DD0000035E2 /* Release */,
			);
			defaultConfigurationIsVisible = 0;
		};
		9A930A841C101DD0000035E2 /* Build configuration list for PBXNativeTarget "UIControlsWH26Tests" */ = {
			isa = XCConfigurationList;
			buildConfigurations = (
				9A930A851C101DD0000035E2 /* Debug */,
				9A930A861C101DD0000035E2 /* Release */,
			);
			defaultConfigurationIsVisible = 0;
		};
		9A930A871C101DD0000035E2 /* Build configuration list for PBXNativeTarget "UIControlsWH26UITests" */ = {
			isa = XCConfigurationList;
			buildConfigurations = (
				9A930A881C101DD0000035E2 /* Debug */,
				9A930A891C101DD0000035E2 /* Release */,
			);
			defaultConfigurationIsVisible = 0;
		};
/* End XCConfigurationList section */
	};
	rootObject = 9A930A4C1C101DD0000035E2 /* Project object */;
}
